
Microsoft Visual Studio Solution File, Format Version 12.00
# Visual Studio 14
VisualStudioVersion = 14.0.25420.1
MinimumVisualStudioVersion = 10.0.40219.1
Project("{FAE04EC0-301F-11D3-BF4B-00C04F79EFBC}") = "01.ExchangeNumbers", "ExchangeNumbers\01.ExchangeNumbers.csproj", "{09236939-8AED-4F09-A99A-412AE39706A8}"
EndProject
Project("{FAE04EC0-301F-11D3-BF4B-00C04F79EFBC}") = "02.BonusScore", "BonusScore\02.BonusScore.csproj", "{A7983C03-6D31-4AD1-BDB5-7AD318D25652}"
EndProject
Project("{FAE04EC0-301F-11D3-BF4B-00C04F79EFBC}") = "03.PlayCard", "PlayCard\03.PlayCard.csproj", "{E2BC24D4-A02D-4209-9F55-CCF2734C572E}"
EndProject
Project("{FAE04EC0-301F-11D3-BF4B-00C04F79EFBC}") = "04.MultiplicationSign", "MultiplicationSign\04.MultiplicationSign.csproj", "{439E8C34-E695-41B3-BD33-FE015FBC3971}"
EndProject
Project("{FAE04EC0-301F-11D3-BF4B-00C04F79EFBC}") = "05.BiggestOf3", "BiggestOf3\05.BiggestOf3.csproj", "{D1144001-2A48-40F3-A3B1-6DFD3263AE14}"
EndProject
Project("{FAE04EC0-301F-11D3-BF4B-00C04F79EFBC}") = "06.BiggestOf5", "BiggestOf5\06.BiggestOf5.csproj", "{4070B03A-8260-4AD3-AD51-B9FC290C32E7}"
EndProject
Project("{FAE04EC0-301F-11D3-BF4B-00C04F79EFBC}") = "07.Sort3Numbers", "Sort3Numbers\07.Sort3Numbers.csproj", "{224FA91E-E341-464B-BD76-F52B8A74B39B}"
EndProject
Project("{FAE04EC0-301F-11D3-BF4B-00C04F79EFBC}") = "08.DigitSsWord", "DigitSsWord\08.DigitSsWord.csproj", "{39DAEA68-955A-421A-BA76-AE83DE9D5671}"
EndProject
Project("{FAE04EC0-301F-11D3-BF4B-00C04F79EFBC}") = "09.IntDoubleString", "IntDoubleString\09.IntDoubleString.csproj", "{605F3762-B682-4C13-82D0-1C710BA99FC7}"
EndProject
Global
	GlobalSection(SolutionConfigurationPlatforms) = preSolution
		Debug|Any CPU = Debug|Any CPU
		Release|Any CPU = Release|Any CPU
	EndGlobalSection
	GlobalSection(ProjectConfigurationPlatforms) = postSolution
		{09236939-8AED-4F09-A99A-412AE39706A8}.Debug|Any CPU.ActiveCfg = Debug|Any CPU
		{09236939-8AED-4F09-A99A-412AE39706A8}.Debug|Any CPU.Build.0 = Debug|Any CPU
		{09236939-8AED-4F09-A99A-412AE39706A8}.Release|Any CPU.ActiveCfg = Release|Any CPU
		{09236939-8AED-4F09-A99A-412AE39706A8}.Release|Any CPU.Build.0 = Release|Any CPU
		{A7983C03-6D31-4AD1-BDB5-7AD318D25652}.Debug|Any CPU.ActiveCfg = Debug|Any CPU
		{A7983C03-6D31-4AD1-BDB5-7AD318D25652}.Debug|Any CPU.Build.0 = Debug|Any CPU
		{A7983C03-6D31-4AD1-BDB5-7AD318D25652}.Release|Any CPU.ActiveCfg = Release|Any CPU
		{A7983C03-6D31-4AD1-BDB5-7AD318D25652}.Release|Any CPU.Build.0 = Release|Any CPU
		{E2BC24D4-A02D-4209-9F55-CCF2734C572E}.Debug|Any CPU.ActiveCfg = Debug|Any CPU
		{E2BC24D4-A02D-4209-9F55-CCF2734C572E}.Debug|Any CPU.Build.0 = Debug|Any CPU
		{E2BC24D4-A02D-4209-9F55-CCF2734C572E}.Release|Any CPU.ActiveCfg = Release|Any CPU
		{E2BC24D4-A02D-4209-9F55-CCF2734C572E}.Release|Any CPU.Build.0 = Release|Any CPU
		{439E8C34-E695-41B3-BD33-FE015FBC3971}.Debug|Any CPU.ActiveCfg = Debug|Any CPU
		{439E8C34-E695-41B3-BD33-FE015FBC3971}.Debug|Any CPU.Build.0 = Debug|Any CPU
		{439E8C34-E695-41B3-BD33-FE015FBC3971}.Release|Any CPU.ActiveCfg = Release|Any CPU
		{439E8C34-E695-41B3-BD33-FE015FBC3971}.Release|Any CPU.Build.0 = Release|Any CPU
		{D1144001-2A48-40F3-A3B1-6DFD3263AE14}.Debug|Any CPU.ActiveCfg = Debug|Any CPU
		{D1144001-2A48-40F3-A3B1-6DFD3263AE14}.Debug|Any CPU.Build.0 = Debug|Any CPU
		{D1144001-2A48-40F3-A3B1-6DFD3263AE14}.Release|Any CPU.ActiveCfg = Release|Any CPU
		{D1144001-2A48-40F3-A3B1-6DFD3263AE14}.Release|Any CPU.Build.0 = Release|Any CPU
		{4070B03A-8260-4AD3-AD51-B9FC290C32E7}.Debug|Any CPU.ActiveCfg = Debug|Any CPU
		{4070B03A-8260-4AD3-AD51-B9FC290C32E7}.Debug|Any CPU.Build.0 = Debug|Any CPU
		{4070B03A-8260-4AD3-AD51-B9FC290C32E7}.Release|Any CPU.ActiveCfg = Release|Any CPU
		{4070B03A-8260-4AD3-AD51-B9FC290C32E7}.Release|Any CPU.Build.0 = Release|Any CPU
		{224FA91E-E341-464B-BD76-F52B8A74B39B}.Debug|Any CPU.ActiveCfg = Debug|Any CPU
		{224FA91E-E341-464B-BD76-F52B8A74B39B}.Debug|Any CPU.Build.0 = Debug|Any CPU
		{224FA91E-E341-464B-BD76-F52B8A74B39B}.Release|Any CPU.ActiveCfg = Release|Any CPU
		{224FA91E-E341-464B-BD76-F52B8A74B39B}.Release|Any CPU.Build.0 = Release|Any CPU
		{39DAEA68-955A-421A-BA76-AE83DE9D5671}.Debug|Any CPU.ActiveCfg = Debug|Any CPU
		{39DAEA68-955A-421A-BA76-AE83DE9D5671}.Debug|Any CPU.Build.0 = Debug|Any CPU
		{39DAEA68-955A-421A-BA76-AE83DE9D5671}.Release|Any CPU.ActiveCfg = Release|Any CPU
		{39DAEA68-955A-421A-BA76-AE83DE9D5671}.Release|Any CPU.Build.0 = Release|Any CPU
		{605F3762-B682-4C13-82D0-1C710BA99FC7}.Debug|Any CPU.ActiveCfg = Debug|Any CPU
		{605F3762-B682-4C13-82D0-1C710BA99FC7}.Debug|Any CPU.Build.0 = Debug|Any CPU
		{605F3762-B682-4C13-82D0-1C710BA99FC7}.Release|Any CPU.ActiveCfg = Release|Any CPU
		{605F3762-B682-4C13-82D0-1C710BA99FC7}.Release|Any CPU.Build.0 = Release|Any CPU
	EndGlobalSection
	GlobalSection(SolutionProperties) = preSolution
		HideSolutionNode = FALSE
	EndGlobalSection
EndGlobal
